
Microsoft Visual Studio Solution File, Format Version 12.00
# Visual Studio 15
VisualStudioVersion = 15.0.26730.12
MinimumVisualStudioVersion = 10.0.40219.1
Project("{FAE04EC0-301F-11D3-BF4B-00C04F79EFBC}") = "01.ChooseADrink", "01.ChooseADrink\01.ChooseADrink.csproj", "{A61751B2-46E8-4684-BB94-49987E143575}"
EndProject
Global
	GlobalSection(SolutionConfigurationPlatforms) = preSolution
		Debug|Any CPU = Debug|Any CPU
		Release|Any CPU = Release|Any CPU
	EndGlobalSection
	GlobalSection(ProjectConfigurationPlatforms) = postSolution
		{A61751B2-46E8-4684-BB94-49987E143575}.Debug|Any CPU.ActiveCfg = Debug|Any CPU
		{A61751B2-46E8-4684-BB94-49987E143575}.Debug|Any CPU.Build.0 = Debug|Any CPU
		{A61751B2-46E8-4684-BB94-49987E143575}.Release|Any CPU.ActiveCfg = Release|Any CPU
		{A61751B2-46E8-4684-BB94-49987E143575}.Release|Any CPU.Build.0 = Release|Any CPU
	EndGlobalSection
	GlobalSection(SolutionProperties) = preSolution
		HideSolutionNode = FALSE
	EndGlobalSection
	GlobalSection(ExtensibilityGlobals) = postSolution
		SolutionGuid = {AD3FD1BF-68BF-4F93-94D7-12B4970BEE32}
	EndGlobalSection
EndGlobal
