
Microsoft Visual Studio Solution File, Format Version 12.00
# Visual Studio 15
VisualStudioVersion = 15.0.26730.12
MinimumVisualStudioVersion = 10.0.40219.1
Project("{FAE04EC0-301F-11D3-BF4B-00C04F79EFBC}") = "01.ChooseADrink", "01.ChooseADrink\01.ChooseADrink.csproj", "{A61751B2-46E8-4684-BB94-49987E143575}"
EndProject
Project("{FAE04EC0-301F-11D3-BF4B-00C04F79EFBC}") = "02.ChooseADrink2", "02.ChooseADrink2\02.ChooseADrink2.csproj", "{0BCD5028-0A17-48EA-A6D7-4402A0193285}"
EndProject
Project("{FAE04EC0-301F-11D3-BF4B-00C04F79EFBC}") = "03.RestaurantDiscount", "03.RestaurantDiscount\03.RestaurantDiscount.csproj", "{01CA1FB2-C48C-48AE-B74C-E34A57B28342}"
EndProject
Global
	GlobalSection(SolutionConfigurationPlatforms) = preSolution
		Debug|Any CPU = Debug|Any CPU
		Release|Any CPU = Release|Any CPU
	EndGlobalSection
	GlobalSection(ProjectConfigurationPlatforms) = postSolution
		{A61751B2-46E8-4684-BB94-49987E143575}.Debug|Any CPU.ActiveCfg = Debug|Any CPU
		{A61751B2-46E8-4684-BB94-49987E143575}.Debug|Any CPU.Build.0 = Debug|Any CPU
		{A61751B2-46E8-4684-BB94-49987E143575}.Release|Any CPU.ActiveCfg = Release|Any CPU
		{A61751B2-46E8-4684-BB94-49987E143575}.Release|Any CPU.Build.0 = Release|Any CPU
		{0BCD5028-0A17-48EA-A6D7-4402A0193285}.Debug|Any CPU.ActiveCfg = Debug|Any CPU
		{0BCD5028-0A17-48EA-A6D7-4402A0193285}.Debug|Any CPU.Build.0 = Debug|Any CPU
		{0BCD5028-0A17-48EA-A6D7-4402A0193285}.Release|Any CPU.ActiveCfg = Release|Any CPU
		{0BCD5028-0A17-48EA-A6D7-4402A0193285}.Release|Any CPU.Build.0 = Release|Any CPU
		{01CA1FB2-C48C-48AE-B74C-E34A57B28342}.Debug|Any CPU.ActiveCfg = Debug|Any CPU
		{01CA1FB2-C48C-48AE-B74C-E34A57B28342}.Debug|Any CPU.Build.0 = Debug|Any CPU
		{01CA1FB2-C48C-48AE-B74C-E34A57B28342}.Release|Any CPU.ActiveCfg = Release|Any CPU
		{01CA1FB2-C48C-48AE-B74C-E34A57B28342}.Release|Any CPU.Build.0 = Release|Any CPU
	EndGlobalSection
	GlobalSection(SolutionProperties) = preSolution
		HideSolutionNode = FALSE
	EndGlobalSection
	GlobalSection(ExtensibilityGlobals) = postSolution
		SolutionGuid = {AD3FD1BF-68BF-4F93-94D7-12B4970BEE32}
	EndGlobalSection
EndGlobal
