
Microsoft Visual Studio Solution File, Format Version 12.00
# Visual Studio 15
VisualStudioVersion = 15.0.26430.15
MinimumVisualStudioVersion = 10.0.40219.1
Project("{FAE04EC0-301F-11D3-BF4B-00C04F79EFBC}") = "01.RegisteredUsers", "01.RegisteredUsers\01.RegisteredUsers.csproj", "{65865C6A-A8F4-484D-A85F-97736EEBC3E3}"
EndProject
Project("{FAE04EC0-301F-11D3-BF4B-00C04F79EFBC}") = "02.DefaultValues", "02.DefaultValues\02.DefaultValues.csproj", "{BF296EEA-61EF-4ED0-90F7-EC5067F636BC}"
EndProject
Project("{FAE04EC0-301F-11D3-BF4B-00C04F79EFBC}") = "03.ShoppingSpree", "03.ShoppingSpree\03.ShoppingSpree.csproj", "{E87CF859-DE63-4AF9-BD06-010E8FBCE91E}"
EndProject
Project("{FAE04EC0-301F-11D3-BF4B-00C04F79EFBC}") = "04.SoftUniBeerPong", "04.SoftUniBeerPong\04.SoftUniBeerPong.csproj", "{7442F862-CC77-4106-AAD6-EAFC4146CEF8}"
EndProject
Project("{FAE04EC0-301F-11D3-BF4B-00C04F79EFBC}") = "05.FlattenDictionary", "05.FlattenDictionary\05.FlattenDictionary.csproj", "{AF4FCBE2-27D4-477C-A06C-3BB1B2857BA6}"
EndProject
Project("{FAE04EC0-301F-11D3-BF4B-00C04F79EFBC}") = "06.CottageScraper", "06.CottageScraper\06.CottageScraper.csproj", "{9A4668F3-1181-4A03-90E0-3CC12BBB579B}"
EndProject
Global
	GlobalSection(SolutionConfigurationPlatforms) = preSolution
		Debug|Any CPU = Debug|Any CPU
		Release|Any CPU = Release|Any CPU
	EndGlobalSection
	GlobalSection(ProjectConfigurationPlatforms) = postSolution
		{65865C6A-A8F4-484D-A85F-97736EEBC3E3}.Debug|Any CPU.ActiveCfg = Debug|Any CPU
		{65865C6A-A8F4-484D-A85F-97736EEBC3E3}.Debug|Any CPU.Build.0 = Debug|Any CPU
		{65865C6A-A8F4-484D-A85F-97736EEBC3E3}.Release|Any CPU.ActiveCfg = Release|Any CPU
		{65865C6A-A8F4-484D-A85F-97736EEBC3E3}.Release|Any CPU.Build.0 = Release|Any CPU
		{BF296EEA-61EF-4ED0-90F7-EC5067F636BC}.Debug|Any CPU.ActiveCfg = Debug|Any CPU
		{BF296EEA-61EF-4ED0-90F7-EC5067F636BC}.Debug|Any CPU.Build.0 = Debug|Any CPU
		{BF296EEA-61EF-4ED0-90F7-EC5067F636BC}.Release|Any CPU.ActiveCfg = Release|Any CPU
		{BF296EEA-61EF-4ED0-90F7-EC5067F636BC}.Release|Any CPU.Build.0 = Release|Any CPU
		{E87CF859-DE63-4AF9-BD06-010E8FBCE91E}.Debug|Any CPU.ActiveCfg = Debug|Any CPU
		{E87CF859-DE63-4AF9-BD06-010E8FBCE91E}.Debug|Any CPU.Build.0 = Debug|Any CPU
		{E87CF859-DE63-4AF9-BD06-010E8FBCE91E}.Release|Any CPU.ActiveCfg = Release|Any CPU
		{E87CF859-DE63-4AF9-BD06-010E8FBCE91E}.Release|Any CPU.Build.0 = Release|Any CPU
		{7442F862-CC77-4106-AAD6-EAFC4146CEF8}.Debug|Any CPU.ActiveCfg = Debug|Any CPU
		{7442F862-CC77-4106-AAD6-EAFC4146CEF8}.Debug|Any CPU.Build.0 = Debug|Any CPU
		{7442F862-CC77-4106-AAD6-EAFC4146CEF8}.Release|Any CPU.ActiveCfg = Release|Any CPU
		{7442F862-CC77-4106-AAD6-EAFC4146CEF8}.Release|Any CPU.Build.0 = Release|Any CPU
		{AF4FCBE2-27D4-477C-A06C-3BB1B2857BA6}.Debug|Any CPU.ActiveCfg = Debug|Any CPU
		{AF4FCBE2-27D4-477C-A06C-3BB1B2857BA6}.Debug|Any CPU.Build.0 = Debug|Any CPU
		{AF4FCBE2-27D4-477C-A06C-3BB1B2857BA6}.Release|Any CPU.ActiveCfg = Release|Any CPU
		{AF4FCBE2-27D4-477C-A06C-3BB1B2857BA6}.Release|Any CPU.Build.0 = Release|Any CPU
		{9A4668F3-1181-4A03-90E0-3CC12BBB579B}.Debug|Any CPU.ActiveCfg = Debug|Any CPU
		{9A4668F3-1181-4A03-90E0-3CC12BBB579B}.Debug|Any CPU.Build.0 = Debug|Any CPU
		{9A4668F3-1181-4A03-90E0-3CC12BBB579B}.Release|Any CPU.ActiveCfg = Release|Any CPU
		{9A4668F3-1181-4A03-90E0-3CC12BBB579B}.Release|Any CPU.Build.0 = Release|Any CPU
	EndGlobalSection
	GlobalSection(SolutionProperties) = preSolution
		HideSolutionNode = FALSE
	EndGlobalSection
EndGlobal
