
Microsoft Visual Studio Solution File, Format Version 12.00
# Visual Studio 15
VisualStudioVersion = 15.0.26430.15
MinimumVisualStudioVersion = 10.0.40219.1
Project("{FAE04EC0-301F-11D3-BF4B-00C04F79EFBC}") = "01.ArrayData", "01.ArrayData\01.ArrayData.csproj", "{FC8B3E66-C776-47B4-9C98-E81410421231}"
EndProject
Project("{FAE04EC0-301F-11D3-BF4B-00C04F79EFBC}") = "02.StringDecryption", "02.StringDecryption\02.StringDecryption.csproj", "{750C167A-D7DB-430F-980B-C4575A8A17F6}"
EndProject
Project("{FAE04EC0-301F-11D3-BF4B-00C04F79EFBC}") = "03.Camping", "03.Camping\03.Camping.csproj", "{C0AE154D-92A2-4FB8-9B54-A88407276BB8}"
EndProject
Project("{FAE04EC0-301F-11D3-BF4B-00C04F79EFBC}") = "05.LambadaExpressions", "05.LambadaExpressions\05.LambadaExpressions.csproj", "{64F44432-E625-46B7-8E2A-5E5F1D77BACD}"
EndProject
Project("{FAE04EC0-301F-11D3-BF4B-00C04F79EFBC}") = "04.MostValuedCustomer", "04.MostValuedCustomer\04.MostValuedCustomer.csproj", "{60F1CFB8-D948-47AE-AAA8-887B4FC78523}"
EndProject
Project("{FAE04EC0-301F-11D3-BF4B-00C04F79EFBC}") = "06.OrderedBankingSystem", "06.OrderedBankingSystem\06.OrderedBankingSystem.csproj", "{B6B855C2-2273-45FA-8220-733573535633}"
EndProject
Global
	GlobalSection(SolutionConfigurationPlatforms) = preSolution
		Debug|Any CPU = Debug|Any CPU
		Release|Any CPU = Release|Any CPU
	EndGlobalSection
	GlobalSection(ProjectConfigurationPlatforms) = postSolution
		{FC8B3E66-C776-47B4-9C98-E81410421231}.Debug|Any CPU.ActiveCfg = Debug|Any CPU
		{FC8B3E66-C776-47B4-9C98-E81410421231}.Debug|Any CPU.Build.0 = Debug|Any CPU
		{FC8B3E66-C776-47B4-9C98-E81410421231}.Release|Any CPU.ActiveCfg = Release|Any CPU
		{FC8B3E66-C776-47B4-9C98-E81410421231}.Release|Any CPU.Build.0 = Release|Any CPU
		{750C167A-D7DB-430F-980B-C4575A8A17F6}.Debug|Any CPU.ActiveCfg = Debug|Any CPU
		{750C167A-D7DB-430F-980B-C4575A8A17F6}.Debug|Any CPU.Build.0 = Debug|Any CPU
		{750C167A-D7DB-430F-980B-C4575A8A17F6}.Release|Any CPU.ActiveCfg = Release|Any CPU
		{750C167A-D7DB-430F-980B-C4575A8A17F6}.Release|Any CPU.Build.0 = Release|Any CPU
		{C0AE154D-92A2-4FB8-9B54-A88407276BB8}.Debug|Any CPU.ActiveCfg = Debug|Any CPU
		{C0AE154D-92A2-4FB8-9B54-A88407276BB8}.Debug|Any CPU.Build.0 = Debug|Any CPU
		{C0AE154D-92A2-4FB8-9B54-A88407276BB8}.Release|Any CPU.ActiveCfg = Release|Any CPU
		{C0AE154D-92A2-4FB8-9B54-A88407276BB8}.Release|Any CPU.Build.0 = Release|Any CPU
		{64F44432-E625-46B7-8E2A-5E5F1D77BACD}.Debug|Any CPU.ActiveCfg = Debug|Any CPU
		{64F44432-E625-46B7-8E2A-5E5F1D77BACD}.Debug|Any CPU.Build.0 = Debug|Any CPU
		{64F44432-E625-46B7-8E2A-5E5F1D77BACD}.Release|Any CPU.ActiveCfg = Release|Any CPU
		{64F44432-E625-46B7-8E2A-5E5F1D77BACD}.Release|Any CPU.Build.0 = Release|Any CPU
		{60F1CFB8-D948-47AE-AAA8-887B4FC78523}.Debug|Any CPU.ActiveCfg = Debug|Any CPU
		{60F1CFB8-D948-47AE-AAA8-887B4FC78523}.Debug|Any CPU.Build.0 = Debug|Any CPU
		{60F1CFB8-D948-47AE-AAA8-887B4FC78523}.Release|Any CPU.ActiveCfg = Release|Any CPU
		{60F1CFB8-D948-47AE-AAA8-887B4FC78523}.Release|Any CPU.Build.0 = Release|Any CPU
		{B6B855C2-2273-45FA-8220-733573535633}.Debug|Any CPU.ActiveCfg = Debug|Any CPU
		{B6B855C2-2273-45FA-8220-733573535633}.Debug|Any CPU.Build.0 = Debug|Any CPU
		{B6B855C2-2273-45FA-8220-733573535633}.Release|Any CPU.ActiveCfg = Release|Any CPU
		{B6B855C2-2273-45FA-8220-733573535633}.Release|Any CPU.Build.0 = Release|Any CPU
	EndGlobalSection
	GlobalSection(SolutionProperties) = preSolution
		HideSolutionNode = FALSE
	EndGlobalSection
EndGlobal
