
Microsoft Visual Studio Solution File, Format Version 12.00
# Visual Studio 15
VisualStudioVersion = 15.0.26730.10
MinimumVisualStudioVersion = 10.0.40219.1
Project("{FAE04EC0-301F-11D3-BF4B-00C04F79EFBC}") = "01.Passed", "01.Passed\01.Passed.csproj", "{8212D8A4-E9A6-474A-99DB-3E862212A6EB}"
EndProject
Project("{FAE04EC0-301F-11D3-BF4B-00C04F79EFBC}") = "02.PassedOrFailed", "02.PassedOrFailed\02.PassedOrFailed.csproj", "{BFCCE82F-42D9-435A-B19A-4F309E3ECB90}"
EndProject
Project("{FAE04EC0-301F-11D3-BF4B-00C04F79EFBC}") = "03.BackIn30Minutes", "03.BackIn30Minutes\03.BackIn30Minutes.csproj", "{91D09F53-3AEF-48C6-B962-D8C0244CFC5A}"
EndProject
Global
	GlobalSection(SolutionConfigurationPlatforms) = preSolution
		Debug|Any CPU = Debug|Any CPU
		Release|Any CPU = Release|Any CPU
	EndGlobalSection
	GlobalSection(ProjectConfigurationPlatforms) = postSolution
		{8212D8A4-E9A6-474A-99DB-3E862212A6EB}.Debug|Any CPU.ActiveCfg = Debug|Any CPU
		{8212D8A4-E9A6-474A-99DB-3E862212A6EB}.Debug|Any CPU.Build.0 = Debug|Any CPU
		{8212D8A4-E9A6-474A-99DB-3E862212A6EB}.Release|Any CPU.ActiveCfg = Release|Any CPU
		{8212D8A4-E9A6-474A-99DB-3E862212A6EB}.Release|Any CPU.Build.0 = Release|Any CPU
		{BFCCE82F-42D9-435A-B19A-4F309E3ECB90}.Debug|Any CPU.ActiveCfg = Debug|Any CPU
		{BFCCE82F-42D9-435A-B19A-4F309E3ECB90}.Debug|Any CPU.Build.0 = Debug|Any CPU
		{BFCCE82F-42D9-435A-B19A-4F309E3ECB90}.Release|Any CPU.ActiveCfg = Release|Any CPU
		{BFCCE82F-42D9-435A-B19A-4F309E3ECB90}.Release|Any CPU.Build.0 = Release|Any CPU
		{91D09F53-3AEF-48C6-B962-D8C0244CFC5A}.Debug|Any CPU.ActiveCfg = Debug|Any CPU
		{91D09F53-3AEF-48C6-B962-D8C0244CFC5A}.Debug|Any CPU.Build.0 = Debug|Any CPU
		{91D09F53-3AEF-48C6-B962-D8C0244CFC5A}.Release|Any CPU.ActiveCfg = Release|Any CPU
		{91D09F53-3AEF-48C6-B962-D8C0244CFC5A}.Release|Any CPU.Build.0 = Release|Any CPU
	EndGlobalSection
	GlobalSection(SolutionProperties) = preSolution
		HideSolutionNode = FALSE
	EndGlobalSection
	GlobalSection(ExtensibilityGlobals) = postSolution
		SolutionGuid = {A825958E-A9AA-4AC4-8EAD-7E701E19E88C}
	EndGlobalSection
EndGlobal
